<Solution>
  <Folder Name="/src/">
    <Project Path="src/RemoteManager.Core/RemoteManager.Core.csproj" />
    <Project Path="src/RemoteManager.Infrastructure/RemoteManager.Infrastructure.csproj" />
    <Project Path="src/RemoteManager.App/RemoteManager.App.csproj" />
  </Folder>
  <Folder Name="/tests/">
    <Project Path="tests/RemoteManager.Core.Tests/RemoteManager.Core.Tests.csproj" />
    <Project Path="tests/RemoteManager.Infrastructure.Tests/RemoteManager.Infrastructure.Tests.csproj" />
  </Folder>
</Solution>
